
Microsoft Visual Studio Solution File, Format Version 12.00
# Visual Studio 15
VisualStudioVersion = 15.0.27428.2043
MinimumVisualStudioVersion = 10.0.40219.1
Project("{9A19103F-16F7-4668-BE54-9A1E7A4F7556}") = "tetris-csharp", "TetrisGame\tetris-csharp.csproj", "{DD6EE6DE-534B-408F-84AC-14D6E015A717}"
EndProject
Project("{FAE04EC0-301F-11D3-BF4B-00C04F79EFBC}") = "TetrisGameTests", "TetrisGameTests\TetrisGameTests.csproj", "{EEA25F7A-92CC-4CF5-B8FA-D660358AD06F}"
EndProject
Global
	GlobalSection(SolutionConfigurationPlatforms) = preSolution
		Debug|Any CPU = Debug|Any CPU
		Release|Any CPU = Release|Any CPU
	EndGlobalSection
	GlobalSection(ProjectConfigurationPlatforms) = postSolution
		{DD6EE6DE-534B-408F-84AC-14D6E015A717}.Debug|Any CPU.ActiveCfg = Debug|Any CPU
		{DD6EE6DE-534B-408F-84AC-14D6E015A717}.Debug|Any CPU.Build.0 = Debug|Any CPU
		{DD6EE6DE-534B-408F-84AC-14D6E015A717}.Release|Any CPU.ActiveCfg = Release|Any CPU
		{DD6EE6DE-534B-408F-84AC-14D6E015A717}.Release|Any CPU.Build.0 = Release|Any CPU
		{EEA25F7A-92CC-4CF5-B8FA-D660358AD06F}.Debug|Any CPU.ActiveCfg = Debug|Any CPU
		{EEA25F7A-92CC-4CF5-B8FA-D660358AD06F}.Debug|Any CPU.Build.0 = Debug|Any CPU
		{EEA25F7A-92CC-4CF5-B8FA-D660358AD06F}.Release|Any CPU.ActiveCfg = Release|Any CPU
		{EEA25F7A-92CC-4CF5-B8FA-D660358AD06F}.Release|Any CPU.Build.0 = Release|Any CPU
	EndGlobalSection
	GlobalSection(SolutionProperties) = preSolution
		HideSolutionNode = FALSE
	EndGlobalSection
	GlobalSection(ExtensibilityGlobals) = postSolution
		SolutionGuid = {4BFD0E50-7169-4DFA-93D9-28B1AF8CD287}
	EndGlobalSection
EndGlobal
