
Microsoft Visual Studio Solution File, Format Version 12.00
# Visual Studio 15
VisualStudioVersion = 15.0.27428.2043
MinimumVisualStudioVersion = 10.0.40219.1
Project("{9A19103F-16F7-4668-BE54-9A1E7A4F7556}") = "TetrisGameTests", "TetrisGameTests\TetrisGameTests.csproj", "{EEA25F7A-92CC-4CF5-B8FA-D660358AD06F}"
EndProject
Project("{9A19103F-16F7-4668-BE54-9A1E7A4F7556}") = "TetrisGameBase", "TetrisGameBase\TetrisGameBase.csproj", "{36BCDCC3-A40B-4A45-B6DD-97F9E523A70F}"
EndProject
Project("{FAE04EC0-301F-11D3-BF4B-00C04F79EFBC}") = "TetrisGameView.Windows", "TetrisGameView.Windows\TetrisGameView.Windows.csproj", "{58519BC6-A276-4154-AAB4-994C4AEBAE4F}"
EndProject
Project("{9A19103F-16F7-4668-BE54-9A1E7A4F7556}") = "TetrisGameView.Console", "TetrisGameView.Console\TetrisGameView.Console.csproj", "{AE64CFC9-8D7E-469B-B4BF-8401A973E46E}"
EndProject
Project("{FAE04EC0-301F-11D3-BF4B-00C04F79EFBC}") = "TetrisGameView.Mobile.Android", "TetrisGameView.Mobile\TetrisGameView.Mobile.Android\TetrisGameView.Mobile.Android.csproj", "{7DC994F6-CCFE-4402-B466-FCA7163CD2D1}"
EndProject
Project("{FAE04EC0-301F-11D3-BF4B-00C04F79EFBC}") = "TetrisGameView.Mobile.iOS", "TetrisGameView.Mobile\TetrisGameView.Mobile.iOS\TetrisGameView.Mobile.iOS.csproj", "{E5495282-7741-403A-BA5D-92F855C4D3A8}"
EndProject
Project("{FAE04EC0-301F-11D3-BF4B-00C04F79EFBC}") = "TetrisGameView.Mobile", "TetrisGameView.Mobile\TetrisGameView.Mobile\TetrisGameView.Mobile.csproj", "{E7306D4A-4816-4E00-A7D3-46BF26E60A1F}"
EndProject
Global
	GlobalSection(SolutionConfigurationPlatforms) = preSolution
		Ad-Hoc|Any CPU = Ad-Hoc|Any CPU
		Ad-Hoc|iPhone = Ad-Hoc|iPhone
		Ad-Hoc|iPhoneSimulator = Ad-Hoc|iPhoneSimulator
		AppStore|Any CPU = AppStore|Any CPU
		AppStore|iPhone = AppStore|iPhone
		AppStore|iPhoneSimulator = AppStore|iPhoneSimulator
		Debug|Any CPU = Debug|Any CPU
		Debug|iPhone = Debug|iPhone
		Debug|iPhoneSimulator = Debug|iPhoneSimulator
		Release|Any CPU = Release|Any CPU
		Release|iPhone = Release|iPhone
		Release|iPhoneSimulator = Release|iPhoneSimulator
	EndGlobalSection
	GlobalSection(ProjectConfigurationPlatforms) = postSolution
		{EEA25F7A-92CC-4CF5-B8FA-D660358AD06F}.Ad-Hoc|Any CPU.ActiveCfg = Release|Any CPU
		{EEA25F7A-92CC-4CF5-B8FA-D660358AD06F}.Ad-Hoc|Any CPU.Build.0 = Release|Any CPU
		{EEA25F7A-92CC-4CF5-B8FA-D660358AD06F}.Ad-Hoc|iPhone.ActiveCfg = Release|Any CPU
		{EEA25F7A-92CC-4CF5-B8FA-D660358AD06F}.Ad-Hoc|iPhone.Build.0 = Release|Any CPU
		{EEA25F7A-92CC-4CF5-B8FA-D660358AD06F}.Ad-Hoc|iPhoneSimulator.ActiveCfg = Release|Any CPU
		{EEA25F7A-92CC-4CF5-B8FA-D660358AD06F}.Ad-Hoc|iPhoneSimulator.Build.0 = Release|Any CPU
		{EEA25F7A-92CC-4CF5-B8FA-D660358AD06F}.AppStore|Any CPU.ActiveCfg = Release|Any CPU
		{EEA25F7A-92CC-4CF5-B8FA-D660358AD06F}.AppStore|Any CPU.Build.0 = Release|Any CPU
		{EEA25F7A-92CC-4CF5-B8FA-D660358AD06F}.AppStore|iPhone.ActiveCfg = Release|Any CPU
		{EEA25F7A-92CC-4CF5-B8FA-D660358AD06F}.AppStore|iPhone.Build.0 = Release|Any CPU
		{EEA25F7A-92CC-4CF5-B8FA-D660358AD06F}.AppStore|iPhoneSimulator.ActiveCfg = Release|Any CPU
		{EEA25F7A-92CC-4CF5-B8FA-D660358AD06F}.AppStore|iPhoneSimulator.Build.0 = Release|Any CPU
		{EEA25F7A-92CC-4CF5-B8FA-D660358AD06F}.Debug|Any CPU.ActiveCfg = Debug|Any CPU
		{EEA25F7A-92CC-4CF5-B8FA-D660358AD06F}.Debug|Any CPU.Build.0 = Debug|Any CPU
		{EEA25F7A-92CC-4CF5-B8FA-D660358AD06F}.Debug|iPhone.ActiveCfg = Debug|Any CPU
		{EEA25F7A-92CC-4CF5-B8FA-D660358AD06F}.Debug|iPhone.Build.0 = Debug|Any CPU
		{EEA25F7A-92CC-4CF5-B8FA-D660358AD06F}.Debug|iPhoneSimulator.ActiveCfg = Debug|Any CPU
		{EEA25F7A-92CC-4CF5-B8FA-D660358AD06F}.Debug|iPhoneSimulator.Build.0 = Debug|Any CPU
		{EEA25F7A-92CC-4CF5-B8FA-D660358AD06F}.Release|Any CPU.ActiveCfg = Release|Any CPU
		{EEA25F7A-92CC-4CF5-B8FA-D660358AD06F}.Release|Any CPU.Build.0 = Release|Any CPU
		{EEA25F7A-92CC-4CF5-B8FA-D660358AD06F}.Release|iPhone.ActiveCfg = Release|Any CPU
		{EEA25F7A-92CC-4CF5-B8FA-D660358AD06F}.Release|iPhone.Build.0 = Release|Any CPU
		{EEA25F7A-92CC-4CF5-B8FA-D660358AD06F}.Release|iPhoneSimulator.ActiveCfg = Release|Any CPU
		{EEA25F7A-92CC-4CF5-B8FA-D660358AD06F}.Release|iPhoneSimulator.Build.0 = Release|Any CPU
		{36BCDCC3-A40B-4A45-B6DD-97F9E523A70F}.Ad-Hoc|Any CPU.ActiveCfg = Release|Any CPU
		{36BCDCC3-A40B-4A45-B6DD-97F9E523A70F}.Ad-Hoc|Any CPU.Build.0 = Release|Any CPU
		{36BCDCC3-A40B-4A45-B6DD-97F9E523A70F}.Ad-Hoc|iPhone.ActiveCfg = Release|Any CPU
		{36BCDCC3-A40B-4A45-B6DD-97F9E523A70F}.Ad-Hoc|iPhone.Build.0 = Release|Any CPU
		{36BCDCC3-A40B-4A45-B6DD-97F9E523A70F}.Ad-Hoc|iPhoneSimulator.ActiveCfg = Release|Any CPU
		{36BCDCC3-A40B-4A45-B6DD-97F9E523A70F}.Ad-Hoc|iPhoneSimulator.Build.0 = Release|Any CPU
		{36BCDCC3-A40B-4A45-B6DD-97F9E523A70F}.AppStore|Any CPU.ActiveCfg = Release|Any CPU
		{36BCDCC3-A40B-4A45-B6DD-97F9E523A70F}.AppStore|Any CPU.Build.0 = Release|Any CPU
		{36BCDCC3-A40B-4A45-B6DD-97F9E523A70F}.AppStore|iPhone.ActiveCfg = Release|Any CPU
		{36BCDCC3-A40B-4A45-B6DD-97F9E523A70F}.AppStore|iPhone.Build.0 = Release|Any CPU
		{36BCDCC3-A40B-4A45-B6DD-97F9E523A70F}.AppStore|iPhoneSimulator.ActiveCfg = Release|Any CPU
		{36BCDCC3-A40B-4A45-B6DD-97F9E523A70F}.AppStore|iPhoneSimulator.Build.0 = Release|Any CPU
		{36BCDCC3-A40B-4A45-B6DD-97F9E523A70F}.Debug|Any CPU.ActiveCfg = Debug|Any CPU
		{36BCDCC3-A40B-4A45-B6DD-97F9E523A70F}.Debug|Any CPU.Build.0 = Debug|Any CPU
		{36BCDCC3-A40B-4A45-B6DD-97F9E523A70F}.Debug|iPhone.ActiveCfg = Debug|Any CPU
		{36BCDCC3-A40B-4A45-B6DD-97F9E523A70F}.Debug|iPhone.Build.0 = Debug|Any CPU
		{36BCDCC3-A40B-4A45-B6DD-97F9E523A70F}.Debug|iPhoneSimulator.ActiveCfg = Debug|Any CPU
		{36BCDCC3-A40B-4A45-B6DD-97F9E523A70F}.Debug|iPhoneSimulator.Build.0 = Debug|Any CPU
		{36BCDCC3-A40B-4A45-B6DD-97F9E523A70F}.Release|Any CPU.ActiveCfg = Release|Any CPU
		{36BCDCC3-A40B-4A45-B6DD-97F9E523A70F}.Release|Any CPU.Build.0 = Release|Any CPU
		{36BCDCC3-A40B-4A45-B6DD-97F9E523A70F}.Release|iPhone.ActiveCfg = Release|Any CPU
		{36BCDCC3-A40B-4A45-B6DD-97F9E523A70F}.Release|iPhone.Build.0 = Release|Any CPU
		{36BCDCC3-A40B-4A45-B6DD-97F9E523A70F}.Release|iPhoneSimulator.ActiveCfg = Release|Any CPU
		{36BCDCC3-A40B-4A45-B6DD-97F9E523A70F}.Release|iPhoneSimulator.Build.0 = Release|Any CPU
		{58519BC6-A276-4154-AAB4-994C4AEBAE4F}.Ad-Hoc|Any CPU.ActiveCfg = Release|Any CPU
		{58519BC6-A276-4154-AAB4-994C4AEBAE4F}.Ad-Hoc|Any CPU.Build.0 = Release|Any CPU
		{58519BC6-A276-4154-AAB4-994C4AEBAE4F}.Ad-Hoc|iPhone.ActiveCfg = Release|Any CPU
		{58519BC6-A276-4154-AAB4-994C4AEBAE4F}.Ad-Hoc|iPhone.Build.0 = Release|Any CPU
		{58519BC6-A276-4154-AAB4-994C4AEBAE4F}.Ad-Hoc|iPhoneSimulator.ActiveCfg = Release|Any CPU
		{58519BC6-A276-4154-AAB4-994C4AEBAE4F}.Ad-Hoc|iPhoneSimulator.Build.0 = Release|Any CPU
		{58519BC6-A276-4154-AAB4-994C4AEBAE4F}.AppStore|Any CPU.ActiveCfg = Release|Any CPU
		{58519BC6-A276-4154-AAB4-994C4AEBAE4F}.AppStore|Any CPU.Build.0 = Release|Any CPU
		{58519BC6-A276-4154-AAB4-994C4AEBAE4F}.AppStore|iPhone.ActiveCfg = Release|Any CPU
		{58519BC6-A276-4154-AAB4-994C4AEBAE4F}.AppStore|iPhone.Build.0 = Release|Any CPU
		{58519BC6-A276-4154-AAB4-994C4AEBAE4F}.AppStore|iPhoneSimulator.ActiveCfg = Release|Any CPU
		{58519BC6-A276-4154-AAB4-994C4AEBAE4F}.AppStore|iPhoneSimulator.Build.0 = Release|Any CPU
		{58519BC6-A276-4154-AAB4-994C4AEBAE4F}.Debug|Any CPU.ActiveCfg = Debug|Any CPU
		{58519BC6-A276-4154-AAB4-994C4AEBAE4F}.Debug|Any CPU.Build.0 = Debug|Any CPU
		{58519BC6-A276-4154-AAB4-994C4AEBAE4F}.Debug|iPhone.ActiveCfg = Debug|Any CPU
		{58519BC6-A276-4154-AAB4-994C4AEBAE4F}.Debug|iPhone.Build.0 = Debug|Any CPU
		{58519BC6-A276-4154-AAB4-994C4AEBAE4F}.Debug|iPhoneSimulator.ActiveCfg = Debug|Any CPU
		{58519BC6-A276-4154-AAB4-994C4AEBAE4F}.Debug|iPhoneSimulator.Build.0 = Debug|Any CPU
		{58519BC6-A276-4154-AAB4-994C4AEBAE4F}.Release|Any CPU.ActiveCfg = Release|Any CPU
		{58519BC6-A276-4154-AAB4-994C4AEBAE4F}.Release|Any CPU.Build.0 = Release|Any CPU
		{58519BC6-A276-4154-AAB4-994C4AEBAE4F}.Release|iPhone.ActiveCfg = Release|Any CPU
		{58519BC6-A276-4154-AAB4-994C4AEBAE4F}.Release|iPhone.Build.0 = Release|Any CPU
		{58519BC6-A276-4154-AAB4-994C4AEBAE4F}.Release|iPhoneSimulator.ActiveCfg = Release|Any CPU
		{58519BC6-A276-4154-AAB4-994C4AEBAE4F}.Release|iPhoneSimulator.Build.0 = Release|Any CPU
		{AE64CFC9-8D7E-469B-B4BF-8401A973E46E}.Ad-Hoc|Any CPU.ActiveCfg = Release|Any CPU
		{AE64CFC9-8D7E-469B-B4BF-8401A973E46E}.Ad-Hoc|Any CPU.Build.0 = Release|Any CPU
		{AE64CFC9-8D7E-469B-B4BF-8401A973E46E}.Ad-Hoc|iPhone.ActiveCfg = Release|Any CPU
		{AE64CFC9-8D7E-469B-B4BF-8401A973E46E}.Ad-Hoc|iPhone.Build.0 = Release|Any CPU
		{AE64CFC9-8D7E-469B-B4BF-8401A973E46E}.Ad-Hoc|iPhoneSimulator.ActiveCfg = Release|Any CPU
		{AE64CFC9-8D7E-469B-B4BF-8401A973E46E}.Ad-Hoc|iPhoneSimulator.Build.0 = Release|Any CPU
		{AE64CFC9-8D7E-469B-B4BF-8401A973E46E}.AppStore|Any CPU.ActiveCfg = Release|Any CPU
		{AE64CFC9-8D7E-469B-B4BF-8401A973E46E}.AppStore|Any CPU.Build.0 = Release|Any CPU
		{AE64CFC9-8D7E-469B-B4BF-8401A973E46E}.AppStore|iPhone.ActiveCfg = Release|Any CPU
		{AE64CFC9-8D7E-469B-B4BF-8401A973E46E}.AppStore|iPhone.Build.0 = Release|Any CPU
		{AE64CFC9-8D7E-469B-B4BF-8401A973E46E}.AppStore|iPhoneSimulator.ActiveCfg = Release|Any CPU
		{AE64CFC9-8D7E-469B-B4BF-8401A973E46E}.AppStore|iPhoneSimulator.Build.0 = Release|Any CPU
		{AE64CFC9-8D7E-469B-B4BF-8401A973E46E}.Debug|Any CPU.ActiveCfg = Debug|Any CPU
		{AE64CFC9-8D7E-469B-B4BF-8401A973E46E}.Debug|Any CPU.Build.0 = Debug|Any CPU
		{AE64CFC9-8D7E-469B-B4BF-8401A973E46E}.Debug|iPhone.ActiveCfg = Debug|Any CPU
		{AE64CFC9-8D7E-469B-B4BF-8401A973E46E}.Debug|iPhone.Build.0 = Debug|Any CPU
		{AE64CFC9-8D7E-469B-B4BF-8401A973E46E}.Debug|iPhoneSimulator.ActiveCfg = Debug|Any CPU
		{AE64CFC9-8D7E-469B-B4BF-8401A973E46E}.Debug|iPhoneSimulator.Build.0 = Debug|Any CPU
		{AE64CFC9-8D7E-469B-B4BF-8401A973E46E}.Release|Any CPU.ActiveCfg = Release|Any CPU
		{AE64CFC9-8D7E-469B-B4BF-8401A973E46E}.Release|Any CPU.Build.0 = Release|Any CPU
		{AE64CFC9-8D7E-469B-B4BF-8401A973E46E}.Release|iPhone.ActiveCfg = Release|Any CPU
		{AE64CFC9-8D7E-469B-B4BF-8401A973E46E}.Release|iPhone.Build.0 = Release|Any CPU
		{AE64CFC9-8D7E-469B-B4BF-8401A973E46E}.Release|iPhoneSimulator.ActiveCfg = Release|Any CPU
		{AE64CFC9-8D7E-469B-B4BF-8401A973E46E}.Release|iPhoneSimulator.Build.0 = Release|Any CPU
		{7DC994F6-CCFE-4402-B466-FCA7163CD2D1}.Ad-Hoc|Any CPU.ActiveCfg = Release|Any CPU
		{7DC994F6-CCFE-4402-B466-FCA7163CD2D1}.Ad-Hoc|Any CPU.Build.0 = Release|Any CPU
		{7DC994F6-CCFE-4402-B466-FCA7163CD2D1}.Ad-Hoc|Any CPU.Deploy.0 = Release|Any CPU
		{7DC994F6-CCFE-4402-B466-FCA7163CD2D1}.Ad-Hoc|iPhone.ActiveCfg = Release|Any CPU
		{7DC994F6-CCFE-4402-B466-FCA7163CD2D1}.Ad-Hoc|iPhone.Build.0 = Release|Any CPU
		{7DC994F6-CCFE-4402-B466-FCA7163CD2D1}.Ad-Hoc|iPhone.Deploy.0 = Release|Any CPU
		{7DC994F6-CCFE-4402-B466-FCA7163CD2D1}.Ad-Hoc|iPhoneSimulator.ActiveCfg = Release|Any CPU
		{7DC994F6-CCFE-4402-B466-FCA7163CD2D1}.Ad-Hoc|iPhoneSimulator.Build.0 = Release|Any CPU
		{7DC994F6-CCFE-4402-B466-FCA7163CD2D1}.Ad-Hoc|iPhoneSimulator.Deploy.0 = Release|Any CPU
		{7DC994F6-CCFE-4402-B466-FCA7163CD2D1}.AppStore|Any CPU.ActiveCfg = Release|Any CPU
		{7DC994F6-CCFE-4402-B466-FCA7163CD2D1}.AppStore|Any CPU.Build.0 = Release|Any CPU
		{7DC994F6-CCFE-4402-B466-FCA7163CD2D1}.AppStore|Any CPU.Deploy.0 = Release|Any CPU
		{7DC994F6-CCFE-4402-B466-FCA7163CD2D1}.AppStore|iPhone.ActiveCfg = Release|Any CPU
		{7DC994F6-CCFE-4402-B466-FCA7163CD2D1}.AppStore|iPhone.Build.0 = Release|Any CPU
		{7DC994F6-CCFE-4402-B466-FCA7163CD2D1}.AppStore|iPhone.Deploy.0 = Release|Any CPU
		{7DC994F6-CCFE-4402-B466-FCA7163CD2D1}.AppStore|iPhoneSimulator.ActiveCfg = Release|Any CPU
		{7DC994F6-CCFE-4402-B466-FCA7163CD2D1}.AppStore|iPhoneSimulator.Build.0 = Release|Any CPU
		{7DC994F6-CCFE-4402-B466-FCA7163CD2D1}.AppStore|iPhoneSimulator.Deploy.0 = Release|Any CPU
		{7DC994F6-CCFE-4402-B466-FCA7163CD2D1}.Debug|Any CPU.ActiveCfg = Debug|Any CPU
		{7DC994F6-CCFE-4402-B466-FCA7163CD2D1}.Debug|Any CPU.Build.0 = Debug|Any CPU
		{7DC994F6-CCFE-4402-B466-FCA7163CD2D1}.Debug|Any CPU.Deploy.0 = Debug|Any CPU
		{7DC994F6-CCFE-4402-B466-FCA7163CD2D1}.Debug|iPhone.ActiveCfg = Debug|Any CPU
		{7DC994F6-CCFE-4402-B466-FCA7163CD2D1}.Debug|iPhone.Build.0 = Debug|Any CPU
		{7DC994F6-CCFE-4402-B466-FCA7163CD2D1}.Debug|iPhone.Deploy.0 = Debug|Any CPU
		{7DC994F6-CCFE-4402-B466-FCA7163CD2D1}.Debug|iPhoneSimulator.ActiveCfg = Debug|Any CPU
		{7DC994F6-CCFE-4402-B466-FCA7163CD2D1}.Debug|iPhoneSimulator.Build.0 = Debug|Any CPU
		{7DC994F6-CCFE-4402-B466-FCA7163CD2D1}.Debug|iPhoneSimulator.Deploy.0 = Debug|Any CPU
		{7DC994F6-CCFE-4402-B466-FCA7163CD2D1}.Release|Any CPU.ActiveCfg = Release|Any CPU
		{7DC994F6-CCFE-4402-B466-FCA7163CD2D1}.Release|Any CPU.Build.0 = Release|Any CPU
		{7DC994F6-CCFE-4402-B466-FCA7163CD2D1}.Release|Any CPU.Deploy.0 = Release|Any CPU
		{7DC994F6-CCFE-4402-B466-FCA7163CD2D1}.Release|iPhone.ActiveCfg = Release|Any CPU
		{7DC994F6-CCFE-4402-B466-FCA7163CD2D1}.Release|iPhone.Build.0 = Release|Any CPU
		{7DC994F6-CCFE-4402-B466-FCA7163CD2D1}.Release|iPhone.Deploy.0 = Release|Any CPU
		{7DC994F6-CCFE-4402-B466-FCA7163CD2D1}.Release|iPhoneSimulator.ActiveCfg = Release|Any CPU
		{7DC994F6-CCFE-4402-B466-FCA7163CD2D1}.Release|iPhoneSimulator.Build.0 = Release|Any CPU
		{7DC994F6-CCFE-4402-B466-FCA7163CD2D1}.Release|iPhoneSimulator.Deploy.0 = Release|Any CPU
		{E5495282-7741-403A-BA5D-92F855C4D3A8}.Ad-Hoc|Any CPU.ActiveCfg = Ad-Hoc|iPhone
		{E5495282-7741-403A-BA5D-92F855C4D3A8}.Ad-Hoc|iPhone.ActiveCfg = Ad-Hoc|iPhone
		{E5495282-7741-403A-BA5D-92F855C4D3A8}.Ad-Hoc|iPhone.Build.0 = Ad-Hoc|iPhone
		{E5495282-7741-403A-BA5D-92F855C4D3A8}.Ad-Hoc|iPhoneSimulator.ActiveCfg = Ad-Hoc|iPhoneSimulator
		{E5495282-7741-403A-BA5D-92F855C4D3A8}.Ad-Hoc|iPhoneSimulator.Build.0 = Ad-Hoc|iPhoneSimulator
		{E5495282-7741-403A-BA5D-92F855C4D3A8}.AppStore|Any CPU.ActiveCfg = AppStore|iPhone
		{E5495282-7741-403A-BA5D-92F855C4D3A8}.AppStore|iPhone.ActiveCfg = AppStore|iPhone
		{E5495282-7741-403A-BA5D-92F855C4D3A8}.AppStore|iPhone.Build.0 = AppStore|iPhone
		{E5495282-7741-403A-BA5D-92F855C4D3A8}.AppStore|iPhoneSimulator.ActiveCfg = AppStore|iPhoneSimulator
		{E5495282-7741-403A-BA5D-92F855C4D3A8}.AppStore|iPhoneSimulator.Build.0 = AppStore|iPhoneSimulator
		{E5495282-7741-403A-BA5D-92F855C4D3A8}.Debug|Any CPU.ActiveCfg = Debug|iPhone
		{E5495282-7741-403A-BA5D-92F855C4D3A8}.Debug|iPhone.ActiveCfg = Debug|iPhone
		{E5495282-7741-403A-BA5D-92F855C4D3A8}.Debug|iPhone.Build.0 = Debug|iPhone
		{E5495282-7741-403A-BA5D-92F855C4D3A8}.Debug|iPhoneSimulator.ActiveCfg = Debug|iPhoneSimulator
		{E5495282-7741-403A-BA5D-92F855C4D3A8}.Debug|iPhoneSimulator.Build.0 = Debug|iPhoneSimulator
		{E5495282-7741-403A-BA5D-92F855C4D3A8}.Release|Any CPU.ActiveCfg = Release|iPhone
		{E5495282-7741-403A-BA5D-92F855C4D3A8}.Release|iPhone.ActiveCfg = Release|iPhone
		{E5495282-7741-403A-BA5D-92F855C4D3A8}.Release|iPhone.Build.0 = Release|iPhone
		{E5495282-7741-403A-BA5D-92F855C4D3A8}.Release|iPhoneSimulator.ActiveCfg = Release|iPhoneSimulator
		{E5495282-7741-403A-BA5D-92F855C4D3A8}.Release|iPhoneSimulator.Build.0 = Release|iPhoneSimulator
		{E7306D4A-4816-4E00-A7D3-46BF26E60A1F}.Ad-Hoc|Any CPU.ActiveCfg = Debug|Any CPU
		{E7306D4A-4816-4E00-A7D3-46BF26E60A1F}.Ad-Hoc|Any CPU.Build.0 = Debug|Any CPU
		{E7306D4A-4816-4E00-A7D3-46BF26E60A1F}.Ad-Hoc|iPhone.ActiveCfg = Debug|Any CPU
		{E7306D4A-4816-4E00-A7D3-46BF26E60A1F}.Ad-Hoc|iPhone.Build.0 = Debug|Any CPU
		{E7306D4A-4816-4E00-A7D3-46BF26E60A1F}.Ad-Hoc|iPhoneSimulator.ActiveCfg = Debug|Any CPU
		{E7306D4A-4816-4E00-A7D3-46BF26E60A1F}.Ad-Hoc|iPhoneSimulator.Build.0 = Debug|Any CPU
		{E7306D4A-4816-4E00-A7D3-46BF26E60A1F}.AppStore|Any CPU.ActiveCfg = Debug|Any CPU
		{E7306D4A-4816-4E00-A7D3-46BF26E60A1F}.AppStore|Any CPU.Build.0 = Debug|Any CPU
		{E7306D4A-4816-4E00-A7D3-46BF26E60A1F}.AppStore|iPhone.ActiveCfg = Debug|Any CPU
		{E7306D4A-4816-4E00-A7D3-46BF26E60A1F}.AppStore|iPhone.Build.0 = Debug|Any CPU
		{E7306D4A-4816-4E00-A7D3-46BF26E60A1F}.AppStore|iPhoneSimulator.ActiveCfg = Debug|Any CPU
		{E7306D4A-4816-4E00-A7D3-46BF26E60A1F}.AppStore|iPhoneSimulator.Build.0 = Debug|Any CPU
		{E7306D4A-4816-4E00-A7D3-46BF26E60A1F}.Debug|Any CPU.ActiveCfg = Debug|Any CPU
		{E7306D4A-4816-4E00-A7D3-46BF26E60A1F}.Debug|Any CPU.Build.0 = Debug|Any CPU
		{E7306D4A-4816-4E00-A7D3-46BF26E60A1F}.Debug|iPhone.ActiveCfg = Debug|Any CPU
		{E7306D4A-4816-4E00-A7D3-46BF26E60A1F}.Debug|iPhone.Build.0 = Debug|Any CPU
		{E7306D4A-4816-4E00-A7D3-46BF26E60A1F}.Debug|iPhoneSimulator.ActiveCfg = Debug|Any CPU
		{E7306D4A-4816-4E00-A7D3-46BF26E60A1F}.Debug|iPhoneSimulator.Build.0 = Debug|Any CPU
		{E7306D4A-4816-4E00-A7D3-46BF26E60A1F}.Release|Any CPU.ActiveCfg = Release|Any CPU
		{E7306D4A-4816-4E00-A7D3-46BF26E60A1F}.Release|Any CPU.Build.0 = Release|Any CPU
		{E7306D4A-4816-4E00-A7D3-46BF26E60A1F}.Release|iPhone.ActiveCfg = Release|Any CPU
		{E7306D4A-4816-4E00-A7D3-46BF26E60A1F}.Release|iPhone.Build.0 = Release|Any CPU
		{E7306D4A-4816-4E00-A7D3-46BF26E60A1F}.Release|iPhoneSimulator.ActiveCfg = Release|Any CPU
		{E7306D4A-4816-4E00-A7D3-46BF26E60A1F}.Release|iPhoneSimulator.Build.0 = Release|Any CPU
	EndGlobalSection
	GlobalSection(SolutionProperties) = preSolution
		HideSolutionNode = FALSE
	EndGlobalSection
	GlobalSection(ExtensibilityGlobals) = postSolution
		SolutionGuid = {4BFD0E50-7169-4DFA-93D9-28B1AF8CD287}
	EndGlobalSection
EndGlobal
