
Microsoft Visual Studio Solution File, Format Version 12.00
# Visual Studio 15
VisualStudioVersion = 15.0.27428.2043
MinimumVisualStudioVersion = 10.0.40219.1
Project("{9A19103F-16F7-4668-BE54-9A1E7A4F7556}") = "TetrisGameTests", "TetrisGameTests\TetrisGameTests.csproj", "{EEA25F7A-92CC-4CF5-B8FA-D660358AD06F}"
EndProject
Project("{9A19103F-16F7-4668-BE54-9A1E7A4F7556}") = "TetrisGameBase", "TetrisGameBase\TetrisGameBase.csproj", "{36BCDCC3-A40B-4A45-B6DD-97F9E523A70F}"
EndProject
Project("{FAE04EC0-301F-11D3-BF4B-00C04F79EFBC}") = "TetrisGameView.Windows", "TetrisGameView.Windows\TetrisGameView.Windows.csproj", "{58519BC6-A276-4154-AAB4-994C4AEBAE4F}"
EndProject
Global
	GlobalSection(SolutionConfigurationPlatforms) = preSolution
		Debug|Any CPU = Debug|Any CPU
		Release|Any CPU = Release|Any CPU
	EndGlobalSection
	GlobalSection(ProjectConfigurationPlatforms) = postSolution
		{EEA25F7A-92CC-4CF5-B8FA-D660358AD06F}.Debug|Any CPU.ActiveCfg = Debug|Any CPU
		{EEA25F7A-92CC-4CF5-B8FA-D660358AD06F}.Debug|Any CPU.Build.0 = Debug|Any CPU
		{EEA25F7A-92CC-4CF5-B8FA-D660358AD06F}.Release|Any CPU.ActiveCfg = Release|Any CPU
		{EEA25F7A-92CC-4CF5-B8FA-D660358AD06F}.Release|Any CPU.Build.0 = Release|Any CPU
		{36BCDCC3-A40B-4A45-B6DD-97F9E523A70F}.Debug|Any CPU.ActiveCfg = Debug|Any CPU
		{36BCDCC3-A40B-4A45-B6DD-97F9E523A70F}.Debug|Any CPU.Build.0 = Debug|Any CPU
		{36BCDCC3-A40B-4A45-B6DD-97F9E523A70F}.Release|Any CPU.ActiveCfg = Release|Any CPU
		{36BCDCC3-A40B-4A45-B6DD-97F9E523A70F}.Release|Any CPU.Build.0 = Release|Any CPU
		{58519BC6-A276-4154-AAB4-994C4AEBAE4F}.Debug|Any CPU.ActiveCfg = Debug|Any CPU
		{58519BC6-A276-4154-AAB4-994C4AEBAE4F}.Debug|Any CPU.Build.0 = Debug|Any CPU
		{58519BC6-A276-4154-AAB4-994C4AEBAE4F}.Release|Any CPU.ActiveCfg = Release|Any CPU
		{58519BC6-A276-4154-AAB4-994C4AEBAE4F}.Release|Any CPU.Build.0 = Release|Any CPU
	EndGlobalSection
	GlobalSection(SolutionProperties) = preSolution
		HideSolutionNode = FALSE
	EndGlobalSection
	GlobalSection(ExtensibilityGlobals) = postSolution
		SolutionGuid = {4BFD0E50-7169-4DFA-93D9-28B1AF8CD287}
	EndGlobalSection
EndGlobal
